
Microsoft Visual Studio Solution File, Format Version 12.00
# Visual Studio Version 17
VisualStudioVersion = 17.9.34622.214
MinimumVisualStudioVersion = 10.0.40219.1
Project("{FAE04EC0-301F-11D3-BF4B-00C04F79EFBC}") = "SmartyPantz.Server", "SmartyPantz.Server\SmartyPantz.Server.csproj", "{A8DD2944-81A5-41FC-9C82-3B6D22E2BF42}"
EndProject
Project("{54A90642-561A-4BB1-A94E-469ADEE60C69}") = "smartypantz.client", "smartypantz.client\smartypantz.client.esproj", "{6ADECC84-52E6-4391-B252-9AD6AB8F4ABD}"
EndProject
Global
	GlobalSection(SolutionConfigurationPlatforms) = preSolution
		Debug|Any CPU = Debug|Any CPU
		Release|Any CPU = Release|Any CPU
	EndGlobalSection
	GlobalSection(ProjectConfigurationPlatforms) = postSolution
		{A8DD2944-81A5-41FC-9C82-3B6D22E2BF42}.Debug|Any CPU.ActiveCfg = Debug|Any CPU
		{A8DD2944-81A5-41FC-9C82-3B6D22E2BF42}.Debug|Any CPU.Build.0 = Debug|Any CPU
		{A8DD2944-81A5-41FC-9C82-3B6D22E2BF42}.Release|Any CPU.ActiveCfg = Release|Any CPU
		{A8DD2944-81A5-41FC-9C82-3B6D22E2BF42}.Release|Any CPU.Build.0 = Release|Any CPU
		{6ADECC84-52E6-4391-B252-9AD6AB8F4ABD}.Debug|Any CPU.ActiveCfg = Debug|Any CPU
		{6ADECC84-52E6-4391-B252-9AD6AB8F4ABD}.Debug|Any CPU.Build.0 = Debug|Any CPU
		{6ADECC84-52E6-4391-B252-9AD6AB8F4ABD}.Debug|Any CPU.Deploy.0 = Debug|Any CPU
		{6ADECC84-52E6-4391-B252-9AD6AB8F4ABD}.Release|Any CPU.ActiveCfg = Release|Any CPU
		{6ADECC84-52E6-4391-B252-9AD6AB8F4ABD}.Release|Any CPU.Build.0 = Release|Any CPU
		{6ADECC84-52E6-4391-B252-9AD6AB8F4ABD}.Release|Any CPU.Deploy.0 = Release|Any CPU
	EndGlobalSection
	GlobalSection(SolutionProperties) = preSolution
		HideSolutionNode = FALSE
	EndGlobalSection
	GlobalSection(ExtensibilityGlobals) = postSolution
		SolutionGuid = {E4B33C5B-9E3C-4E95-AB6C-14F98D2933B6}
	EndGlobalSection
EndGlobal
